// !$*UTF8*$!
{
	archiveVersion = 1;
	classes = {
	};
	objectVersion = 46;
	objects = {

/* Begin PBXBuildFile section */
		238A860F17E350B100AE53BF /* main.cpp in Sources */ = {isa = PBXBuildFile; fileRef = 238A860E17E350B100AE53BF /* main.cpp */; };
		238A861117E350B100AE53BF /* Q4_4.1 in CopyFiles */ = {isa = PBXBuildFile; fileRef = 238A861017E350B100AE53BF /* Q4_4.1 */; };
/* End PBXBuildFile section */

/* Begin PBXCopyFilesBuildPhase section */
		238A860917E350B100AE53BF /* CopyFiles */ = {
			isa = PBXCopyFilesBuildPhase;
			buildActionMask = 2147483647;
			dstPath = /usr/share/man/man1/;
			dstSubfolderSpec = 0;
			files = (
				238A861117E350B100AE53BF /* Q4_4.1 in CopyFiles */,
			);
			runOnlyForDeploymentPostprocessing = 1;
		};
/* End PBXCopyFilesBuildPhase section */

/* Begin PBXFileReference section */
		238A860B17E350B100AE53BF /* Q4.4 */ = {isa = PBXFileReference; explicitFileType = "compiled.mach-o.executable"; includeInIndex = 0; path = Q4.4; sourceTree = BUILT_PRODUCTS_DIR; };
		238A860E17E350B100AE53BF /* main.cpp */ = {isa = PBXFileReference; lastKnownFileType = sourcecode.cpp.cpp; path = main.cpp; sourceTree = "<group>"; };
		238A861017E350B100AE53BF /* Q4_4.1 */ = {isa = PBXFileReference; lastKnownFileType = text.man; path = Q4_4.1; sourceTree = "<group>"; };
/* End PBXFileReference section */

/* Begin PBXFrameworksBuildPhase section */
		238A860817E350B100AE53BF /* Frameworks */ = {
			isa = PBXFrameworksBuildPhase;
			buildActionMask = 2147483647;
			files = (
			);
			runOnlyForDeploymentPostprocessing = 0;
		};
/* End PBXFrameworksBuildPhase section */

/* Begin PBXGroup section */
		238A860217E350B100AE53BF = {
			isa = PBXGroup;
			children = (
				238A860D17E350B100AE53BF /* Q4.4 */,
				238A860C17E350B100AE53BF /* Products */,
			);
			sourceTree = "<group>";
		};
		238A860C17E350B100AE53BF /* Products */ = {
			isa = PBXGroup;
			children = (
				238A860B17E350B100AE53BF /* Q4.4 */,
			);
			name = Products;
			sourceTree = "<group>";
		};
		238A860D17E350B100AE53BF /* Q4.4 */ = {
			isa = PBXGroup;
			children = (
				238A860E17E350B100AE53BF /* main.cpp */,
				238A861017E350B100AE53BF /* Q4_4.1 */,
			);
			path = Q4.4;
			sourceTree = "<group>";
		};
/* End PBXGroup section */

/* Begin PBXNativeTarget section */
		238A860A17E350B100AE53BF /* Q4.4 */ = {
			isa = PBXNativeTarget;
			buildConfigurationList = 238A861417E350B100AE53BF /* Build configuration list for PBXNativeTarget "Q4.4" */;
			buildPhases = (
				238A860717E350B100AE53BF /* Sources */,
				238A860817E350B100AE53BF /* Frameworks */,
				238A860917E350B100AE53BF /* CopyFiles */,
			);
			buildRules = (
			);
			dependencies = (
			);
			name = Q4.4;
			productName = Q4.4;
			productReference = 238A860B17E350B100AE53BF /* Q4.4 */;
			productType = "com.apple.product-type.tool";
		};
/* End PBXNativeTarget section */

/* Begin PBXProject section */
		238A860317E350B100AE53BF /* Project object */ = {
			isa = PBXProject;
			attributes = {
				LastUpgradeCheck = 0460;
				ORGANIZATIONNAME = nai7;
			};
			buildConfigurationList = 238A860617E350B100AE53BF /* Build configuration list for PBXProject "Q4.4" */;
			compatibilityVersion = "Xcode 3.2";
			developmentRegion = English;
			hasScannedForEncodings = 0;
			knownRegions = (
				en,
			);
			mainGroup = 238A860217E350B100AE53BF;
			productRefGroup = 238A860C17E350B100AE53BF /* Products */;
			projectDirPath = "";
			projectRoot = "";
			targets = (
				238A860A17E350B100AE53BF /* Q4.4 */,
			);
		};
/* End PBXProject section */

/* Begin PBXSourcesBuildPhase section */
		238A860717E350B100AE53BF /* Sources */ = {
			isa = PBXSourcesBuildPhase;
			buildActionMask = 2147483647;
			files = (
				238A860F17E350B100AE53BF /* main.cpp in Sources */,
			);
			runOnlyForDeploymentPostprocessing = 0;
		};
/* End PBXSourcesBuildPhase section */

/* Begin XCBuildConfiguration section */
		238A861217E350B100AE53BF /* Debug */ = {
			isa = XCBuildConfiguration;
			buildSettings = {
				ALWAYS_SEARCH_USER_PATHS = NO;
				ARCHS = "$(ARCHS_STANDARD_64_BIT)";
				CLANG_CXX_LANGUAGE_STANDARD = "gnu++0x";
				CLANG_CXX_LIBRARY = "libc++";
				CLANG_ENABLE_OBJC_ARC = YES;
				CLANG_WARN_CONSTANT_CONVERSION = YES;
				CLANG_WARN_EMPTY_BODY = YES;
				CLANG_WARN_ENUM_CONVERSION = YES;
				CLANG_WARN_INT_CONVERSION = YES;
				CLANG_WARN__DUPLICATE_METHOD_MATCH = YES;
				COPY_PHASE_STRIP = NO;
				GCC_C_LANGUAGE_STANDARD = gnu99;
				GCC_DYNAMIC_NO_PIC = NO;
				GCC_ENABLE_OBJC_EXCEPTIONS = YES;
				GCC_OPTIMIZATION_LEVEL = 0;
				GCC_PREPROCESSOR_DEFINITIONS = (
					"DEBUG=1",
					"$(inherited)",
				);
				GCC_SYMBOLS_PRIVATE_EXTERN = NO;
				GCC_WARN_64_TO_32_BIT_CONVERSION = YES;
				GCC_WARN_ABOUT_RETURN_TYPE = YES;
				GCC_WARN_UNINITIALIZED_AUTOS = YES;
				GCC_WARN_UNUSED_VARIABLE = YES;
				MACOSX_DEPLOYMENT_TARGET = 10.8;
				ONLY_ACTIVE_ARCH = YES;
				SDKROOT = macosx;
			};
			name = Debug;
		};
		238A861317E350B100AE53BF /* Release */ = {
			isa = XCBuildConfiguration;
			buildSettings = {
				ALWAYS_SEARCH_USER_PATHS = NO;
				ARCHS = "$(ARCHS_STANDARD_64_BIT)";
				CLANG_CXX_LANGUAGE_STANDARD = "gnu++0x";
				CLANG_CXX_LIBRARY = "libc++";
				CLANG_ENABLE_OBJC_ARC = YES;
				CLANG_WARN_CONSTANT_CONVERSION = YES;
				CLANG_WARN_EMPTY_BODY = YES;
				CLANG_WARN_ENUM_CONVERSION = YES;
				CLANG_WARN_INT_CONVERSION = YES;
				CLANG_WARN__DUPLICATE_METHOD_MATCH = YES;
				COPY_PHASE_STRIP = YES;
				DEBUG_INFORMATION_FORMAT = "dwarf-with-dsym";
				GCC_C_LANGUAGE_STANDARD = gnu99;
				GCC_ENABLE_OBJC_EXCEPTIONS = YES;
				GCC_WARN_64_TO_32_BIT_CONVERSION = YES;
				GCC_WARN_ABOUT_RETURN_TYPE = YES;
				GCC_WARN_UNINITIALIZED_AUTOS = YES;
				GCC_WARN_UNUSED_VARIABLE = YES;
				MACOSX_DEPLOYMENT_TARGET = 10.8;
				SDKROOT = macosx;
			};
			name = Release;
		};
		238A861517E350B100AE53BF /* Debug */ = {
			isa = XCBuildConfiguration;
			buildSettings = {
				PRODUCT_NAME = "$(TARGET_NAME)";
			};
			name = Debug;
		};
		238A861617E350B100AE53BF /* Release */ = {
			isa = XCBuildConfiguration;
			buildSettings = {
				PRODUCT_NAME = "$(TARGET_NAME)";
			};
			name = Release;
		};
/* End XCBuildConfiguration section */

/* Begin XCConfigurationList section */
		238A860617E350B100AE53BF /* Build configuration list for PBXProject "Q4.4" */ = {
			isa = XCConfigurationList;
			buildConfigurations = (
				238A861217E350B100AE53BF /* Debug */,
				238A861317E350B100AE53BF /* Release */,
			);
			defaultConfigurationIsVisible = 0;
			defaultConfigurationName = Release;
		};
		238A861417E350B100AE53BF /* Build configuration list for PBXNativeTarget "Q4.4" */ = {
			isa = XCConfigurationList;
			buildConfigurations = (
				238A861517E350B100AE53BF /* Debug */,
				238A861617E350B100AE53BF /* Release */,
			);
			defaultConfigurationIsVisible = 0;
		};
/* End XCConfigurationList section */
	};
	rootObject = 238A860317E350B100AE53BF /* Project object */;
}
